// !$*UTF8*$!
{
	archiveVersion = 1;
	classes = {
	};
	objectVersion = 56;
	objects = {

/* Begin PBXBuildFile section */
		5AE3B84829B1D24200F861EE /* oceanLandscape.png in Resources */ = {isa = PBXBuildFile; fileRef = 5AE3B83229B1D24000F861EE /* oceanLandscape.png */; };
		5AE3B84929B1D24200F861EE /* plane3.png in Resources */ = {isa = PBXBuildFile; fileRef = 5AE3B83329B1D24000F861EE /* plane3.png */; };
		5AE3B84A29B1D24200F861EE /* plane2.png in Resources */ = {isa = PBXBuildFile; fileRef = 5AE3B83429B1D24000F861EE /* plane2.png */; };
		5AE3B84B29B1D24200F861EE /* plane1.png in Resources */ = {isa = PBXBuildFile; fileRef = 5AE3B83529B1D24000F861EE /* plane1.png */; };
		5AE3B84C29B1D24200F861EE /* planeRight.png in Resources */ = {isa = PBXBuildFile; fileRef = 5AE3B83629B1D24000F861EE /* planeRight.png */; };
		5AE3B84D29B1D24200F861EE /* backButton.png in Resources */ = {isa = PBXBuildFile; fileRef = 5AE3B83729B1D24000F861EE /* backButton.png */; };
		5AE3B84E29B1D24200F861EE /* plane.png in Resources */ = {isa = PBXBuildFile; fileRef = 5AE3B83829B1D24000F861EE /* plane.png */; };
		5AE3B84F29B1D24200F861EE /* island.png in Resources */ = {isa = PBXBuildFile; fileRef = 5AE3B83929B1D24000F861EE /* island.png */; };
		5AE3B85029B1D24200F861EE /* ocean.gif in Resources */ = {isa = PBXBuildFile; fileRef = 5AE3B83A29B1D24000F861EE /* ocean.gif */; };
		5AE3B85129B1D24200F861EE /* cloud.png in Resources */ = {isa = PBXBuildFile; fileRef = 5AE3B83B29B1D24000F861EE /* cloud.png */; };
		5AE3B85229B1D24200F861EE /* nextButton.png in Resources */ = {isa = PBXBuildFile; fileRef = 5AE3B83C29B1D24000F861EE /* nextButton.png */; };
		5AE3B85329B1D24200F861EE /* ocean.png in Resources */ = {isa = PBXBuildFile; fileRef = 5AE3B83D29B1D24000F861EE /* ocean.png */; };
		5AE3B85429B1D24200F861EE /* startButton.png in Resources */ = {isa = PBXBuildFile; fileRef = 5AE3B83E29B1D24000F861EE /* startButton.png */; };
		5AE3B85529B1D24200F861EE /* thunder.ogg in Resources */ = {isa = PBXBuildFile; fileRef = 5AE3B84029B1D24000F861EE /* thunder.ogg */; };
		5AE3B85629B1D24200F861EE /* yay.ogg in Resources */ = {isa = PBXBuildFile; fileRef = 5AE3B84129B1D24000F861EE /* yay.ogg */; };
		5AE3B85729B1D24200F861EE /* engine.ogg in Resources */ = {isa = PBXBuildFile; fileRef = 5AE3B84229B1D24000F861EE /* engine.ogg */; };
		5AE3B85829B1D24200F861EE /* engine.mp3 in Resources */ = {isa = PBXBuildFile; fileRef = 5AE3B84329B1D24000F861EE /* engine.mp3 */; };
		5AE3B85929B1D24200F861EE /* thunder.mp3 in Resources */ = {isa = PBXBuildFile; fileRef = 5AE3B84429B1D24000F861EE /* thunder.mp3 */; };
		5AE3B85A29B1D24200F861EE /* yay.mp3 in Resources */ = {isa = PBXBuildFile; fileRef = 5AE3B84529B1D24000F861EE /* yay.mp3 */; };
		5AE3B85B29B1D24200F861EE /* Dock51.ttf in Resources */ = {isa = PBXBuildFile; fileRef = 5AE3B84729B1D24100F861EE /* Dock51.ttf */; };
		5AE3B88829B1D2D000F861EE /* IslandPortrait.swift in Sources */ = {isa = PBXBuildFile; fileRef = 5AE3B87F29B1D2CF00F861EE /* IslandPortrait.swift */; };
		5AE3B88929B1D2D000F861EE /* PlayerPortrait.swift in Sources */ = {isa = PBXBuildFile; fileRef = 5AE3B88029B1D2CF00F861EE /* PlayerPortrait.swift */; };
		5AE3B88A29B1D2D000F861EE /* CloudPortrait.swift in Sources */ = {isa = PBXBuildFile; fileRef = 5AE3B88129B1D2CF00F861EE /* CloudPortrait.swift */; };
		5AE3B88B29B1D2D100F861EE /* OceanPortrait.swift in Sources */ = {isa = PBXBuildFile; fileRef = 5AE3B88229B1D2CF00F861EE /* OceanPortrait.swift */; };
		5AE3B88C29B1D2D100F861EE /* IslandLandscape.swift in Sources */ = {isa = PBXBuildFile; fileRef = 5AE3B88429B1D2D000F861EE /* IslandLandscape.swift */; };
		5AE3B88D29B1D2D100F861EE /* OceanLandscape.swift in Sources */ = {isa = PBXBuildFile; fileRef = 5AE3B88529B1D2D000F861EE /* OceanLandscape.swift */; };
		5AE3B88E29B1D2D100F861EE /* PlayerLandscape.swift in Sources */ = {isa = PBXBuildFile; fileRef = 5AE3B88629B1D2D000F861EE /* PlayerLandscape.swift */; };
		5AE3B88F29B1D2D100F861EE /* CloudLandscape.swift in Sources */ = {isa = PBXBuildFile; fileRef = 5AE3B88729B1D2D000F861EE /* CloudLandscape.swift */; };
		5AE3B89A29B1D2FF00F861EE /* StartScene.swift in Sources */ = {isa = PBXBuildFile; fileRef = 5AE3B89029B1D2FB00F861EE /* StartScene.swift */; };
		5AE3B89B29B1D2FF00F861EE /* EndScene.swift in Sources */ = {isa = PBXBuildFile; fileRef = 5AE3B89129B1D2FC00F861EE /* EndScene.swift */; };
		5AE3B89C29B1D2FF00F861EE /* GameLandscapeScene.swift in Sources */ = {isa = PBXBuildFile; fileRef = 5AE3B89329B1D2FC00F861EE /* GameLandscapeScene.swift */; };
		5AE3B89D29B1D2FF00F861EE /* GameLandscapeScene.sks in Resources */ = {isa = PBXBuildFile; fileRef = 5AE3B89429B1D2FC00F861EE /* GameLandscapeScene.sks */; };
		5AE3B89E29B1D2FF00F861EE /* EndScene.sks in Resources */ = {isa = PBXBuildFile; fileRef = 5AE3B89529B1D2FD00F861EE /* EndScene.sks */; };
		5AE3B89F29B1D2FF00F861EE /* StartScene.sks in Resources */ = {isa = PBXBuildFile; fileRef = 5AE3B89629B1D2FE00F861EE /* StartScene.sks */; };
		5AE3B8A029B1D2FF00F861EE /* GamePortraitScene.sks in Resources */ = {isa = PBXBuildFile; fileRef = 5AE3B89829B1D2FE00F861EE /* GamePortraitScene.sks */; };
		5AE3B8A129B1D2FF00F861EE /* GamePortraitScene.swift in Sources */ = {isa = PBXBuildFile; fileRef = 5AE3B89929B1D2FE00F861EE /* GamePortraitScene.swift */; };
		E91B222A29946BC90026AE3E /* AppDelegate.swift in Sources */ = {isa = PBXBuildFile; fileRef = E91B222929946BC90026AE3E /* AppDelegate.swift */; };
		E91B223229946BC90026AE3E /* GameViewController.swift in Sources */ = {isa = PBXBuildFile; fileRef = E91B223129946BC90026AE3E /* GameViewController.swift */; };
		E91B223529946BC90026AE3E /* Main.storyboard in Resources */ = {isa = PBXBuildFile; fileRef = E91B223329946BC90026AE3E /* Main.storyboard */; };
		E91B223729946BCB0026AE3E /* Assets.xcassets in Resources */ = {isa = PBXBuildFile; fileRef = E91B223629946BCB0026AE3E /* Assets.xcassets */; };
		E91B223A29946BCB0026AE3E /* LaunchScreen.storyboard in Resources */ = {isa = PBXBuildFile; fileRef = E91B223829946BCB0026AE3E /* LaunchScreen.storyboard */; };
		E91B227129946CA90026AE3E /* GameProtocol.swift in Sources */ = {isa = PBXBuildFile; fileRef = E91B226929946CA90026AE3E /* GameProtocol.swift */; };
		E91B227229946CA90026AE3E /* GameObject.swift in Sources */ = {isa = PBXBuildFile; fileRef = E91B226A29946CA90026AE3E /* GameObject.swift */; };
		E91B227329946CA90026AE3E /* Layer.swift in Sources */ = {isa = PBXBuildFile; fileRef = E91B226B29946CA90026AE3E /* Layer.swift */; };
		E91B227B29946CB80026AE3E /* ScoreManager.swift in Sources */ = {isa = PBXBuildFile; fileRef = E91B227929946CB80026AE3E /* ScoreManager.swift */; };
		E91B227C29946CB80026AE3E /* CollisionManager.swift in Sources */ = {isa = PBXBuildFile; fileRef = E91B227A29946CB80026AE3E /* CollisionManager.swift */; };
/* End PBXBuildFile section */

/* Begin PBXFileReference section */
		5AE3B83229B1D24000F861EE /* oceanLandscape.png */ = {isa = PBXFileReference; lastKnownFileType = image.png; path = oceanLandscape.png; sourceTree = "<group>"; };
		5AE3B83329B1D24000F861EE /* plane3.png */ = {isa = PBXFileReference; lastKnownFileType = image.png; path = plane3.png; sourceTree = "<group>"; };
		5AE3B83429B1D24000F861EE /* plane2.png */ = {isa = PBXFileReference; lastKnownFileType = image.png; path = plane2.png; sourceTree = "<group>"; };
		5AE3B83529B1D24000F861EE /* plane1.png */ = {isa = PBXFileReference; lastKnownFileType = image.png; path = plane1.png; sourceTree = "<group>"; };
		5AE3B83629B1D24000F861EE /* planeRight.png */ = {isa = PBXFileReference; lastKnownFileType = image.png; path = planeRight.png; sourceTree = "<group>"; };
		5AE3B83729B1D24000F861EE /* backButton.png */ = {isa = PBXFileReference; lastKnownFileType = image.png; path = backButton.png; sourceTree = "<group>"; };
		5AE3B83829B1D24000F861EE /* plane.png */ = {isa = PBXFileReference; lastKnownFileType = image.png; path = plane.png; sourceTree = "<group>"; };
		5AE3B83929B1D24000F861EE /* island.png */ = {isa = PBXFileReference; lastKnownFileType = image.png; path = island.png; sourceTree = "<group>"; };
		5AE3B83A29B1D24000F861EE /* ocean.gif */ = {isa = PBXFileReference; lastKnownFileType = image.gif; path = ocean.gif; sourceTree = "<group>"; };
		5AE3B83B29B1D24000F861EE /* cloud.png */ = {isa = PBXFileReference; lastKnownFileType = image.png; path = cloud.png; sourceTree = "<group>"; };
		5AE3B83C29B1D24000F861EE /* nextButton.png */ = {isa = PBXFileReference; lastKnownFileType = image.png; path = nextButton.png; sourceTree = "<group>"; };
		5AE3B83D29B1D24000F861EE /* ocean.png */ = {isa = PBXFileReference; lastKnownFileType = image.png; path = ocean.png; sourceTree = "<group>"; };
		5AE3B83E29B1D24000F861EE /* startButton.png */ = {isa = PBXFileReference; lastKnownFileType = image.png; path = startButton.png; sourceTree = "<group>"; };
		5AE3B84029B1D24000F861EE /* thunder.ogg */ = {isa = PBXFileReference; lastKnownFileType = file; path = thunder.ogg; sourceTree = "<group>"; };
		5AE3B84129B1D24000F861EE /* yay.ogg */ = {isa = PBXFileReference; lastKnownFileType = file; path = yay.ogg; sourceTree = "<group>"; };
		5AE3B84229B1D24000F861EE /* engine.ogg */ = {isa = PBXFileReference; lastKnownFileType = file; path = engine.ogg; sourceTree = "<group>"; };
		5AE3B84329B1D24000F861EE /* engine.mp3 */ = {isa = PBXFileReference; lastKnownFileType = audio.mp3; path = engine.mp3; sourceTree = "<group>"; };
		5AE3B84429B1D24000F861EE /* thunder.mp3 */ = {isa = PBXFileReference; lastKnownFileType = audio.mp3; path = thunder.mp3; sourceTree = "<group>"; };
		5AE3B84529B1D24000F861EE /* yay.mp3 */ = {isa = PBXFileReference; lastKnownFileType = audio.mp3; path = yay.mp3; sourceTree = "<group>"; };
		5AE3B84729B1D24100F861EE /* Dock51.ttf */ = {isa = PBXFileReference; lastKnownFileType = file; path = Dock51.ttf; sourceTree = "<group>"; };
		5AE3B87F29B1D2CF00F861EE /* IslandPortrait.swift */ = {isa = PBXFileReference; fileEncoding = 4; lastKnownFileType = sourcecode.swift; path = IslandPortrait.swift; sourceTree = "<group>"; };
		5AE3B88029B1D2CF00F861EE /* PlayerPortrait.swift */ = {isa = PBXFileReference; fileEncoding = 4; lastKnownFileType = sourcecode.swift; path = PlayerPortrait.swift; sourceTree = "<group>"; };
		5AE3B88129B1D2CF00F861EE /* CloudPortrait.swift */ = {isa = PBXFileReference; fileEncoding = 4; lastKnownFileType = sourcecode.swift; path = CloudPortrait.swift; sourceTree = "<group>"; };
		5AE3B88229B1D2CF00F861EE /* OceanPortrait.swift */ = {isa = PBXFileReference; fileEncoding = 4; lastKnownFileType = sourcecode.swift; path = OceanPortrait.swift; sourceTree = "<group>"; };
		5AE3B88429B1D2D000F861EE /* IslandLandscape.swift */ = {isa = PBXFileReference; fileEncoding = 4; lastKnownFileType = sourcecode.swift; path = IslandLandscape.swift; sourceTree = "<group>"; };
		5AE3B88529B1D2D000F861EE /* OceanLandscape.swift */ = {isa = PBXFileReference; fileEncoding = 4; lastKnownFileType = sourcecode.swift; path = OceanLandscape.swift; sourceTree = "<group>"; };
		5AE3B88629B1D2D000F861EE /* PlayerLandscape.swift */ = {isa = PBXFileReference; fileEncoding = 4; lastKnownFileType = sourcecode.swift; path = PlayerLandscape.swift; sourceTree = "<group>"; };
		5AE3B88729B1D2D000F861EE /* CloudLandscape.swift */ = {isa = PBXFileReference; fileEncoding = 4; lastKnownFileType = sourcecode.swift; path = CloudLandscape.swift; sourceTree = "<group>"; };
		5AE3B89029B1D2FB00F861EE /* StartScene.swift */ = {isa = PBXFileReference; fileEncoding = 4; lastKnownFileType = sourcecode.swift; path = StartScene.swift; sourceTree = "<group>"; };
		5AE3B89129B1D2FC00F861EE /* EndScene.swift */ = {isa = PBXFileReference; fileEncoding = 4; lastKnownFileType = sourcecode.swift; path = EndScene.swift; sourceTree = "<group>"; };
		5AE3B89329B1D2FC00F861EE /* GameLandscapeScene.swift */ = {isa = PBXFileReference; fileEncoding = 4; lastKnownFileType = sourcecode.swift; path = GameLandscapeScene.swift; sourceTree = "<group>"; };
		5AE3B89429B1D2FC00F861EE /* GameLandscapeScene.sks */ = {isa = PBXFileReference; lastKnownFileType = file.sks; path = GameLandscapeScene.sks; sourceTree = "<group>"; };
		5AE3B89529B1D2FD00F861EE /* EndScene.sks */ = {isa = PBXFileReference; lastKnownFileType = file.sks; path = EndScene.sks; sourceTree = "<group>"; };
		5AE3B89629B1D2FE00F861EE /* StartScene.sks */ = {isa = PBXFileReference; lastKnownFileType = file.sks; path = StartScene.sks; sourceTree = "<group>"; };
		5AE3B89829B1D2FE00F861EE /* GamePortraitScene.sks */ = {isa = PBXFileReference; lastKnownFileType = file.sks; path = GamePortraitScene.sks; sourceTree = "<group>"; };
		5AE3B89929B1D2FE00F861EE /* GamePortraitScene.swift */ = {isa = PBXFileReference; fileEncoding = 4; lastKnownFileType = sourcecode.swift; path = GamePortraitScene.swift; sourceTree = "<group>"; };
		E91B222629946BC90026AE3E /* MAPD724-W2023-MidTerm-301286671.app */ = {isa = PBXFileReference; explicitFileType = wrapper.application; includeInIndex = 0; path = "MAPD724-W2023-MidTerm-301286671.app"; sourceTree = BUILT_PRODUCTS_DIR; };
		E91B222929946BC90026AE3E /* AppDelegate.swift */ = {isa = PBXFileReference; lastKnownFileType = sourcecode.swift; path = AppDelegate.swift; sourceTree = "<group>"; };
		E91B223129946BC90026AE3E /* GameViewController.swift */ = {isa = PBXFileReference; lastKnownFileType = sourcecode.swift; path = GameViewController.swift; sourceTree = "<group>"; };
		E91B223429946BC90026AE3E /* Base */ = {isa = PBXFileReference; lastKnownFileType = file.storyboard; name = Base; path = Base.lproj/Main.storyboard; sourceTree = "<group>"; };
		E91B223629946BCB0026AE3E /* Assets.xcassets */ = {isa = PBXFileReference; lastKnownFileType = folder.assetcatalog; path = Assets.xcassets; sourceTree = "<group>"; };
		E91B223929946BCB0026AE3E /* Base */ = {isa = PBXFileReference; lastKnownFileType = file.storyboard; name = Base; path = Base.lproj/LaunchScreen.storyboard; sourceTree = "<group>"; };
		E91B226929946CA90026AE3E /* GameProtocol.swift */ = {isa = PBXFileReference; fileEncoding = 4; lastKnownFileType = sourcecode.swift; path = GameProtocol.swift; sourceTree = "<group>"; };
		E91B226A29946CA90026AE3E /* GameObject.swift */ = {isa = PBXFileReference; fileEncoding = 4; lastKnownFileType = sourcecode.swift; path = GameObject.swift; sourceTree = "<group>"; };
		E91B226B29946CA90026AE3E /* Layer.swift */ = {isa = PBXFileReference; fileEncoding = 4; lastKnownFileType = sourcecode.swift; path = Layer.swift; sourceTree = "<group>"; };
		E91B227929946CB80026AE3E /* ScoreManager.swift */ = {isa = PBXFileReference; fileEncoding = 4; lastKnownFileType = sourcecode.swift; path = ScoreManager.swift; sourceTree = "<group>"; };
		E91B227A29946CB80026AE3E /* CollisionManager.swift */ = {isa = PBXFileReference; fileEncoding = 4; lastKnownFileType = sourcecode.swift; path = CollisionManager.swift; sourceTree = "<group>"; };
		E91B2282299475A80026AE3E /* Info.plist */ = {isa = PBXFileReference; lastKnownFileType = text.plist; path = Info.plist; sourceTree = "<group>"; };
/* End PBXFileReference section */

/* Begin PBXFrameworksBuildPhase section */
		E91B222329946BC90026AE3E /* Frameworks */ = {
			isa = PBXFrameworksBuildPhase;
			buildActionMask = 2147483647;
			files = (
			);
			runOnlyForDeploymentPostprocessing = 0;
		};
/* End PBXFrameworksBuildPhase section */

/* Begin PBXGroup section */
		5AE3B83129B1D24000F861EE /* images */ = {
			isa = PBXGroup;
			children = (
				5AE3B83229B1D24000F861EE /* oceanLandscape.png */,
				5AE3B83329B1D24000F861EE /* plane3.png */,
				5AE3B83429B1D24000F861EE /* plane2.png */,
				5AE3B83529B1D24000F861EE /* plane1.png */,
				5AE3B83629B1D24000F861EE /* planeRight.png */,
				5AE3B83729B1D24000F861EE /* backButton.png */,
				5AE3B83829B1D24000F861EE /* plane.png */,
				5AE3B83929B1D24000F861EE /* island.png */,
				5AE3B83A29B1D24000F861EE /* ocean.gif */,
				5AE3B83B29B1D24000F861EE /* cloud.png */,
				5AE3B83C29B1D24000F861EE /* nextButton.png */,
				5AE3B83D29B1D24000F861EE /* ocean.png */,
				5AE3B83E29B1D24000F861EE /* startButton.png */,
			);
			path = images;
			sourceTree = "<group>";
		};
		5AE3B83F29B1D24000F861EE /* audio */ = {
			isa = PBXGroup;
			children = (
				5AE3B84029B1D24000F861EE /* thunder.ogg */,
				5AE3B84129B1D24000F861EE /* yay.ogg */,
				5AE3B84229B1D24000F861EE /* engine.ogg */,
				5AE3B84329B1D24000F861EE /* engine.mp3 */,
				5AE3B84429B1D24000F861EE /* thunder.mp3 */,
				5AE3B84529B1D24000F861EE /* yay.mp3 */,
			);
			path = audio;
			sourceTree = "<group>";
		};
		5AE3B84629B1D24100F861EE /* fonts */ = {
			isa = PBXGroup;
			children = (
				5AE3B84729B1D24100F861EE /* Dock51.ttf */,
			);
			path = fonts;
			sourceTree = "<group>";
		};
		5AE3B87E29B1D2CF00F861EE /* Portrait */ = {
			isa = PBXGroup;
			children = (
				5AE3B87F29B1D2CF00F861EE /* IslandPortrait.swift */,
				5AE3B88029B1D2CF00F861EE /* PlayerPortrait.swift */,
				5AE3B88129B1D2CF00F861EE /* CloudPortrait.swift */,
				5AE3B88229B1D2CF00F861EE /* OceanPortrait.swift */,
			);
			path = Portrait;
			sourceTree = "<group>";
		};
		5AE3B88329B1D2D000F861EE /* Landscape */ = {
			isa = PBXGroup;
			children = (
				5AE3B88429B1D2D000F861EE /* IslandLandscape.swift */,
				5AE3B88529B1D2D000F861EE /* OceanLandscape.swift */,
				5AE3B88629B1D2D000F861EE /* PlayerLandscape.swift */,
				5AE3B88729B1D2D000F861EE /* CloudLandscape.swift */,
			);
			path = Landscape;
			sourceTree = "<group>";
		};
		5AE3B89229B1D2FC00F861EE /* Landscape */ = {
			isa = PBXGroup;
			children = (
				5AE3B89329B1D2FC00F861EE /* GameLandscapeScene.swift */,
				5AE3B89429B1D2FC00F861EE /* GameLandscapeScene.sks */,
			);
			path = Landscape;
			sourceTree = "<group>";
		};
		5AE3B89729B1D2FE00F861EE /* Portrait */ = {
			isa = PBXGroup;
			children = (
				5AE3B89829B1D2FE00F861EE /* GamePortraitScene.sks */,
				5AE3B89929B1D2FE00F861EE /* GamePortraitScene.swift */,
			);
			path = Portrait;
			sourceTree = "<group>";
		};
		E91B221D29946BC90026AE3E = {
			isa = PBXGroup;
			children = (
				E91B222829946BC90026AE3E /* MAPD724-W2023-MidTerm-301286671 */,
				E91B222729946BC90026AE3E /* Products */,
			);
			sourceTree = "<group>";
		};
		E91B222729946BC90026AE3E /* Products */ = {
			isa = PBXGroup;
			children = (
				E91B222629946BC90026AE3E /* MAPD724-W2023-MidTerm-301286671.app */,
			);
			name = Products;
			sourceTree = "<group>";
		};
		E91B222829946BC90026AE3E /* MAPD724-W2023-MidTerm-301286671 */ = {
			isa = PBXGroup;
			children = (
				E91B2282299475A80026AE3E /* Info.plist */,
				E91B227D29946ECE0026AE3E /* Scenes */,
				E91B227829946CB80026AE3E /* Managers */,
				E91B226829946CA90026AE3E /* Core */,
				E91B226C29946CA90026AE3E /* GameObjects */,
				E91B224029946C990026AE3E /* Assets */,
				E91B222929946BC90026AE3E /* AppDelegate.swift */,
				E91B223129946BC90026AE3E /* GameViewController.swift */,
				E91B223329946BC90026AE3E /* Main.storyboard */,
				E91B223629946BCB0026AE3E /* Assets.xcassets */,
				E91B223829946BCB0026AE3E /* LaunchScreen.storyboard */,
			);
			path = "MAPD724-W2023-MidTerm-301286671";
			sourceTree = "<group>";
		};
		E91B224029946C990026AE3E /* Assets */ = {
			isa = PBXGroup;
			children = (
				5AE3B83F29B1D24000F861EE /* audio */,
				5AE3B84629B1D24100F861EE /* fonts */,
				5AE3B83129B1D24000F861EE /* images */,
			);
			path = Assets;
			sourceTree = "<group>";
		};
		E91B226829946CA90026AE3E /* Core */ = {
			isa = PBXGroup;
			children = (
				E91B226929946CA90026AE3E /* GameProtocol.swift */,
				E91B226A29946CA90026AE3E /* GameObject.swift */,
				E91B226B29946CA90026AE3E /* Layer.swift */,
			);
			path = Core;
			sourceTree = "<group>";
		};
		E91B226C29946CA90026AE3E /* GameObjects */ = {
			isa = PBXGroup;
			children = (
				5AE3B88329B1D2D000F861EE /* Landscape */,
				5AE3B87E29B1D2CF00F861EE /* Portrait */,
			);
			path = GameObjects;
			sourceTree = "<group>";
		};
		E91B227829946CB80026AE3E /* Managers */ = {
			isa = PBXGroup;
			children = (
				E91B227929946CB80026AE3E /* ScoreManager.swift */,
				E91B227A29946CB80026AE3E /* CollisionManager.swift */,
			);
			path = Managers;
			sourceTree = "<group>";
		};
		E91B227D29946ECE0026AE3E /* Scenes */ = {
			isa = PBXGroup;
			children = (
				5AE3B89529B1D2FD00F861EE /* EndScene.sks */,
				5AE3B89129B1D2FC00F861EE /* EndScene.swift */,
				5AE3B89229B1D2FC00F861EE /* Landscape */,
				5AE3B89729B1D2FE00F861EE /* Portrait */,
				5AE3B89629B1D2FE00F861EE /* StartScene.sks */,
				5AE3B89029B1D2FB00F861EE /* StartScene.swift */,
			);
			path = Scenes;
			sourceTree = "<group>";
		};
/* End PBXGroup section */

/* Begin PBXNativeTarget section */
		E91B222529946BC90026AE3E /* MAPD724-W2023-MidTerm-301286671 */ = {
			isa = PBXNativeTarget;
			buildConfigurationList = E91B223D29946BCB0026AE3E /* Build configuration list for PBXNativeTarget "MAPD724-W2023-MidTerm-301286671" */;
			buildPhases = (
				E91B222229946BC90026AE3E /* Sources */,
				E91B222329946BC90026AE3E /* Frameworks */,
				E91B222429946BC90026AE3E /* Resources */,
			);
			buildRules = (
			);
			dependencies = (
			);
			name = "MAPD724-W2023-MidTerm-301286671";
			productName = "MAPD724-W2023-ICE-4B";
			productReference = E91B222629946BC90026AE3E /* MAPD724-W2023-MidTerm-301286671.app */;
			productType = "com.apple.product-type.application";
		};
/* End PBXNativeTarget section */

/* Begin PBXProject section */
		E91B221E29946BC90026AE3E /* Project object */ = {
			isa = PBXProject;
			attributes = {
				BuildIndependentTargetsInParallel = 1;
				LastSwiftUpdateCheck = 1420;
				LastUpgradeCheck = 1420;
				TargetAttributes = {
					E91B222529946BC90026AE3E = {
						CreatedOnToolsVersion = 14.2;
					};
				};
			};
			buildConfigurationList = E91B222129946BC90026AE3E /* Build configuration list for PBXProject "MAPD724-W2023-MidTerm-301286671" */;
			compatibilityVersion = "Xcode 14.0";
			developmentRegion = en;
			hasScannedForEncodings = 0;
			knownRegions = (
				en,
				Base,
			);
			mainGroup = E91B221D29946BC90026AE3E;
			productRefGroup = E91B222729946BC90026AE3E /* Products */;
			projectDirPath = "";
			projectRoot = "";
			targets = (
				E91B222529946BC90026AE3E /* MAPD724-W2023-MidTerm-301286671 */,
			);
		};
/* End PBXProject section */

/* Begin PBXResourcesBuildPhase section */
		E91B222429946BC90026AE3E /* Resources */ = {
			isa = PBXResourcesBuildPhase;
			buildActionMask = 2147483647;
			files = (
				5AE3B84929B1D24200F861EE /* plane3.png in Resources */,
				5AE3B85429B1D24200F861EE /* startButton.png in Resources */,
				5AE3B85A29B1D24200F861EE /* yay.mp3 in Resources */,
				5AE3B85029B1D24200F861EE /* ocean.gif in Resources */,
				5AE3B85529B1D24200F861EE /* thunder.ogg in Resources */,
				5AE3B85129B1D24200F861EE /* cloud.png in Resources */,
				5AE3B84829B1D24200F861EE /* oceanLandscape.png in Resources */,
				5AE3B85729B1D24200F861EE /* engine.ogg in Resources */,
				5AE3B8A029B1D2FF00F861EE /* GamePortraitScene.sks in Resources */,
				E91B223529946BC90026AE3E /* Main.storyboard in Resources */,
				5AE3B89E29B1D2FF00F861EE /* EndScene.sks in Resources */,
				5AE3B85B29B1D24200F861EE /* Dock51.ttf in Resources */,
				E91B223729946BCB0026AE3E /* Assets.xcassets in Resources */,
				5AE3B85929B1D24200F861EE /* thunder.mp3 in Resources */,
				5AE3B89F29B1D2FF00F861EE /* StartScene.sks in Resources */,
				5AE3B84E29B1D24200F861EE /* plane.png in Resources */,
				5AE3B84C29B1D24200F861EE /* planeRight.png in Resources */,
				5AE3B85629B1D24200F861EE /* yay.ogg in Resources */,
				5AE3B84B29B1D24200F861EE /* plane1.png in Resources */,
				5AE3B89D29B1D2FF00F861EE /* GameLandscapeScene.sks in Resources */,
				5AE3B84A29B1D24200F861EE /* plane2.png in Resources */,
				5AE3B85829B1D24200F861EE /* engine.mp3 in Resources */,
				5AE3B85229B1D24200F861EE /* nextButton.png in Resources */,
				5AE3B84D29B1D24200F861EE /* backButton.png in Resources */,
				5AE3B84F29B1D24200F861EE /* island.png in Resources */,
				5AE3B85329B1D24200F861EE /* ocean.png in Resources */,
				E91B223A29946BCB0026AE3E /* LaunchScreen.storyboard in Resources */,
			);
			runOnlyForDeploymentPostprocessing = 0;
		};
/* End PBXResourcesBuildPhase section */

/* Begin PBXSourcesBuildPhase section */
		E91B222229946BC90026AE3E /* Sources */ = {
			isa = PBXSourcesBuildPhase;
			buildActionMask = 2147483647;
			files = (
				5AE3B8A129B1D2FF00F861EE /* GamePortraitScene.swift in Sources */,
				5AE3B88D29B1D2D100F861EE /* OceanLandscape.swift in Sources */,
				5AE3B88F29B1D2D100F861EE /* CloudLandscape.swift in Sources */,
				E91B227C29946CB80026AE3E /* CollisionManager.swift in Sources */,
				E91B227129946CA90026AE3E /* GameProtocol.swift in Sources */,
				5AE3B88A29B1D2D000F861EE /* CloudPortrait.swift in Sources */,
				5AE3B89B29B1D2FF00F861EE /* EndScene.swift in Sources */,
				E91B223229946BC90026AE3E /* GameViewController.swift in Sources */,
				E91B227329946CA90026AE3E /* Layer.swift in Sources */,
				5AE3B89C29B1D2FF00F861EE /* GameLandscapeScene.swift in Sources */,
				5AE3B89A29B1D2FF00F861EE /* StartScene.swift in Sources */,
				5AE3B88C29B1D2D100F861EE /* IslandLandscape.swift in Sources */,
				E91B222A29946BC90026AE3E /* AppDelegate.swift in Sources */,
				5AE3B88E29B1D2D100F861EE /* PlayerLandscape.swift in Sources */,
				5AE3B88B29B1D2D100F861EE /* OceanPortrait.swift in Sources */,
				E91B227B29946CB80026AE3E /* ScoreManager.swift in Sources */,
				5AE3B88929B1D2D000F861EE /* PlayerPortrait.swift in Sources */,
				E91B227229946CA90026AE3E /* GameObject.swift in Sources */,
				5AE3B88829B1D2D000F861EE /* IslandPortrait.swift in Sources */,
			);
			runOnlyForDeploymentPostprocessing = 0;
		};
/* End PBXSourcesBuildPhase section */

/* Begin PBXVariantGroup section */
		E91B223329946BC90026AE3E /* Main.storyboard */ = {
			isa = PBXVariantGroup;
			children = (
				E91B223429946BC90026AE3E /* Base */,
			);
			name = Main.storyboard;
			sourceTree = "<group>";
		};
		E91B223829946BCB0026AE3E /* LaunchScreen.storyboard */ = {
			isa = PBXVariantGroup;
			children = (
				E91B223929946BCB0026AE3E /* Base */,
			);
			name = LaunchScreen.storyboard;
			sourceTree = "<group>";
		};
/* End PBXVariantGroup section */

/* Begin XCBuildConfiguration section */
		E91B223B29946BCB0026AE3E /* Debug */ = {
			isa = XCBuildConfiguration;
			buildSettings = {
				ALWAYS_SEARCH_USER_PATHS = NO;
				CLANG_ANALYZER_NONNULL = YES;
				CLANG_ANALYZER_NUMBER_OBJECT_CONVERSION = YES_AGGRESSIVE;
				CLANG_CXX_LANGUAGE_STANDARD = "gnu++20";
				CLANG_ENABLE_MODULES = YES;
				CLANG_ENABLE_OBJC_ARC = YES;
				CLANG_ENABLE_OBJC_WEAK = YES;
				CLANG_WARN_BLOCK_CAPTURE_AUTORELEASING = YES;
				CLANG_WARN_BOOL_CONVERSION = YES;
				CLANG_WARN_COMMA = YES;
				CLANG_WARN_CONSTANT_CONVERSION = YES;
				CLANG_WARN_DEPRECATED_OBJC_IMPLEMENTATIONS = YES;
				CLANG_WARN_DIRECT_OBJC_ISA_USAGE = YES_ERROR;
				CLANG_WARN_DOCUMENTATION_COMMENTS = YES;
				CLANG_WARN_EMPTY_BODY = YES;
				CLANG_WARN_ENUM_CONVERSION = YES;
				CLANG_WARN_INFINITE_RECURSION = YES;
				CLANG_WARN_INT_CONVERSION = YES;
				CLANG_WARN_NON_LITERAL_NULL_CONVERSION = YES;
				CLANG_WARN_OBJC_IMPLICIT_RETAIN_SELF = YES;
				CLANG_WARN_OBJC_LITERAL_CONVERSION = YES;
				CLANG_WARN_OBJC_ROOT_CLASS = YES_ERROR;
				CLANG_WARN_QUOTED_INCLUDE_IN_FRAMEWORK_HEADER = YES;
				CLANG_WARN_RANGE_LOOP_ANALYSIS = YES;
				CLANG_WARN_STRICT_PROTOTYPES = YES;
				CLANG_WARN_SUSPICIOUS_MOVE = YES;
				CLANG_WARN_UNGUARDED_AVAILABILITY = YES_AGGRESSIVE;
				CLANG_WARN_UNREACHABLE_CODE = YES;
				CLANG_WARN__DUPLICATE_METHOD_MATCH = YES;
				COPY_PHASE_STRIP = NO;
				DEBUG_INFORMATION_FORMAT = dwarf;
				ENABLE_STRICT_OBJC_MSGSEND = YES;
				ENABLE_TESTABILITY = YES;
				GCC_C_LANGUAGE_STANDARD = gnu11;
				GCC_DYNAMIC_NO_PIC = NO;
				GCC_NO_COMMON_BLOCKS = YES;
				GCC_OPTIMIZATION_LEVEL = 0;
				GCC_PREPROCESSOR_DEFINITIONS = (
					"DEBUG=1",
					"$(inherited)",
				);
				GCC_WARN_64_TO_32_BIT_CONVERSION = YES;
				GCC_WARN_ABOUT_RETURN_TYPE = YES_ERROR;
				GCC_WARN_UNDECLARED_SELECTOR = YES;
				GCC_WARN_UNINITIALIZED_AUTOS = YES_AGGRESSIVE;
				GCC_WARN_UNUSED_FUNCTION = YES;
				GCC_WARN_UNUSED_VARIABLE = YES;
				IPHONEOS_DEPLOYMENT_TARGET = 16.2;
				MTL_ENABLE_DEBUG_INFO = INCLUDE_SOURCE;
				MTL_FAST_MATH = YES;
				ONLY_ACTIVE_ARCH = YES;
				SDKROOT = iphoneos;
				SWIFT_ACTIVE_COMPILATION_CONDITIONS = DEBUG;
				SWIFT_OPTIMIZATION_LEVEL = "-Onone";
			};
			name = Debug;
		};
		E91B223C29946BCB0026AE3E /* Release */ = {
			isa = XCBuildConfiguration;
			buildSettings = {
				ALWAYS_SEARCH_USER_PATHS = NO;
				CLANG_ANALYZER_NONNULL = YES;
				CLANG_ANALYZER_NUMBER_OBJECT_CONVERSION = YES_AGGRESSIVE;
				CLANG_CXX_LANGUAGE_STANDARD = "gnu++20";
				CLANG_ENABLE_MODULES = YES;
				CLANG_ENABLE_OBJC_ARC = YES;
				CLANG_ENABLE_OBJC_WEAK = YES;
				CLANG_WARN_BLOCK_CAPTURE_AUTORELEASING = YES;
				CLANG_WARN_BOOL_CONVERSION = YES;
				CLANG_WARN_COMMA = YES;
				CLANG_WARN_CONSTANT_CONVERSION = YES;
				CLANG_WARN_DEPRECATED_OBJC_IMPLEMENTATIONS = YES;
				CLANG_WARN_DIRECT_OBJC_ISA_USAGE = YES_ERROR;
				CLANG_WARN_DOCUMENTATION_COMMENTS = YES;
				CLANG_WARN_EMPTY_BODY = YES;
				CLANG_WARN_ENUM_CONVERSION = YES;
				CLANG_WARN_INFINITE_RECURSION = YES;
				CLANG_WARN_INT_CONVERSION = YES;
				CLANG_WARN_NON_LITERAL_NULL_CONVERSION = YES;
				CLANG_WARN_OBJC_IMPLICIT_RETAIN_SELF = YES;
				CLANG_WARN_OBJC_LITERAL_CONVERSION = YES;
				CLANG_WARN_OBJC_ROOT_CLASS = YES_ERROR;
				CLANG_WARN_QUOTED_INCLUDE_IN_FRAMEWORK_HEADER = YES;
				CLANG_WARN_RANGE_LOOP_ANALYSIS = YES;
				CLANG_WARN_STRICT_PROTOTYPES = YES;
				CLANG_WARN_SUSPICIOUS_MOVE = YES;
				CLANG_WARN_UNGUARDED_AVAILABILITY = YES_AGGRESSIVE;
				CLANG_WARN_UNREACHABLE_CODE = YES;
				CLANG_WARN__DUPLICATE_METHOD_MATCH = YES;
				COPY_PHASE_STRIP = NO;
				DEBUG_INFORMATION_FORMAT = "dwarf-with-dsym";
				ENABLE_NS_ASSERTIONS = NO;
				ENABLE_STRICT_OBJC_MSGSEND = YES;
				GCC_C_LANGUAGE_STANDARD = gnu11;
				GCC_NO_COMMON_BLOCKS = YES;
				GCC_WARN_64_TO_32_BIT_CONVERSION = YES;
				GCC_WARN_ABOUT_RETURN_TYPE = YES_ERROR;
				GCC_WARN_UNDECLARED_SELECTOR = YES;
				GCC_WARN_UNINITIALIZED_AUTOS = YES_AGGRESSIVE;
				GCC_WARN_UNUSED_FUNCTION = YES;
				GCC_WARN_UNUSED_VARIABLE = YES;
				IPHONEOS_DEPLOYMENT_TARGET = 16.2;
				MTL_ENABLE_DEBUG_INFO = NO;
				MTL_FAST_MATH = YES;
				SDKROOT = iphoneos;
				SWIFT_COMPILATION_MODE = wholemodule;
				SWIFT_OPTIMIZATION_LEVEL = "-O";
				VALIDATE_PRODUCT = YES;
			};
			name = Release;
		};
		E91B223E29946BCB0026AE3E /* Debug */ = {
			isa = XCBuildConfiguration;
			buildSettings = {
				ASSETCATALOG_COMPILER_APPICON_NAME = AppIcon;
				ASSETCATALOG_COMPILER_GLOBAL_ACCENT_COLOR_NAME = AccentColor;
				CODE_SIGN_STYLE = Automatic;
				CURRENT_PROJECT_VERSION = 1;
				DEVELOPMENT_TEAM = "";
				GENERATE_INFOPLIST_FILE = YES;
				INFOPLIST_FILE = "MAPD724-W2023-Midterm-301286671/Info.plist";
				INFOPLIST_KEY_CFBundleDisplayName = "Mail Pilot";
				INFOPLIST_KEY_LSApplicationCategoryType = "public.app-category.action-games";
				INFOPLIST_KEY_UIApplicationSupportsIndirectInputEvents = YES;
				INFOPLIST_KEY_UILaunchStoryboardName = LaunchScreen;
				INFOPLIST_KEY_UIMainStoryboardFile = Main;
				INFOPLIST_KEY_UIStatusBarHidden = YES;
				INFOPLIST_KEY_UISupportedInterfaceOrientations = "UIInterfaceOrientationLandscapeLeft UIInterfaceOrientationLandscapeRight UIInterfaceOrientationPortrait";
				INFOPLIST_KEY_UISupportedInterfaceOrientations_iPad = UIInterfaceOrientationPortrait;
				LD_RUNPATH_SEARCH_PATHS = (
					"$(inherited)",
					"@executable_path/Frameworks",
				);
				MARKETING_VERSION = 1.0;
				PRODUCT_BUNDLE_IDENTIFIER = "ca.centennialcollege.MAPD724-W2023-MidTerm-301286671";
				PRODUCT_NAME = "$(TARGET_NAME)";
				SUPPORTED_PLATFORMS = "iphoneos iphonesimulator";
				SUPPORTS_MACCATALYST = NO;
				SUPPORTS_MAC_DESIGNED_FOR_IPHONE_IPAD = NO;
				SWIFT_EMIT_LOC_STRINGS = YES;
				SWIFT_VERSION = 5.0;
				TARGETED_DEVICE_FAMILY = "1,2";
			};
			name = Debug;
		};
		E91B223F29946BCB0026AE3E /* Release */ = {
			isa = XCBuildConfiguration;
			buildSettings = {
				ASSETCATALOG_COMPILER_APPICON_NAME = AppIcon;
				ASSETCATALOG_COMPILER_GLOBAL_ACCENT_COLOR_NAME = AccentColor;
				CODE_SIGN_STYLE = Automatic;
				CURRENT_PROJECT_VERSION = 1;
				DEVELOPMENT_TEAM = "";
				GENERATE_INFOPLIST_FILE = YES;
				INFOPLIST_FILE = "MAPD724-W2023-Midterm-301286671/Info.plist";
				INFOPLIST_KEY_CFBundleDisplayName = "Mail Pilot";
				INFOPLIST_KEY_LSApplicationCategoryType = "public.app-category.action-games";
				INFOPLIST_KEY_UIApplicationSupportsIndirectInputEvents = YES;
				INFOPLIST_KEY_UILaunchStoryboardName = LaunchScreen;
				INFOPLIST_KEY_UIMainStoryboardFile = Main;
				INFOPLIST_KEY_UIStatusBarHidden = YES;
				INFOPLIST_KEY_UISupportedInterfaceOrientations = "UIInterfaceOrientationLandscapeLeft UIInterfaceOrientationLandscapeRight UIInterfaceOrientationPortrait";
				INFOPLIST_KEY_UISupportedInterfaceOrientations_iPad = UIInterfaceOrientationPortrait;
				LD_RUNPATH_SEARCH_PATHS = (
					"$(inherited)",
					"@executable_path/Frameworks",
				);
				MARKETING_VERSION = 1.0;
				PRODUCT_BUNDLE_IDENTIFIER = "ca.centennialcollege.MAPD724-W2023-MidTerm-301286671";
				PRODUCT_NAME = "$(TARGET_NAME)";
				SUPPORTED_PLATFORMS = "iphoneos iphonesimulator";
				SUPPORTS_MACCATALYST = NO;
				SUPPORTS_MAC_DESIGNED_FOR_IPHONE_IPAD = NO;
				SWIFT_EMIT_LOC_STRINGS = YES;
				SWIFT_VERSION = 5.0;
				TARGETED_DEVICE_FAMILY = "1,2";
			};
			name = Release;
		};
/* End XCBuildConfiguration section */

/* Begin XCConfigurationList section */
		E91B222129946BC90026AE3E /* Build configuration list for PBXProject "MAPD724-W2023-MidTerm-301286671" */ = {
			isa = XCConfigurationList;
			buildConfigurations = (
				E91B223B29946BCB0026AE3E /* Debug */,
				E91B223C29946BCB0026AE3E /* Release */,
			);
			defaultConfigurationIsVisible = 0;
			defaultConfigurationName = Release;
		};
		E91B223D29946BCB0026AE3E /* Build configuration list for PBXNativeTarget "MAPD724-W2023-MidTerm-301286671" */ = {
			isa = XCConfigurationList;
			buildConfigurations = (
				E91B223E29946BCB0026AE3E /* Debug */,
				E91B223F29946BCB0026AE3E /* Release */,
			);
			defaultConfigurationIsVisible = 0;
			defaultConfigurationName = Release;
		};
/* End XCConfigurationList section */
	};
	rootObject = E91B221E29946BC90026AE3E /* Project object */;
}
